
Microsoft Visual Studio Solution File, Format Version 12.00
# Visual Studio 2013
VisualStudioVersion = 12.0.40629.0
MinimumVisualStudioVersion = 10.0.40219.1
Project("{FAE04EC0-301F-11D3-BF4B-00C04F79EFBC}") = "AnnotationTests", "AnnotationTests\AnnotationTests.csproj", "{DB007E7B-10F7-4856-B335-440F3EFFC8DA}"
EndProject
Global
	GlobalSection(SolutionConfigurationPlatforms) = preSolution
		Debug|Any CPU = Debug|Any CPU
		Release|Any CPU = Release|Any CPU
	EndGlobalSection
	GlobalSection(ProjectConfigurationPlatforms) = postSolution
		{DB007E7B-10F7-4856-B335-440F3EFFC8DA}.Debug|Any CPU.ActiveCfg = Debug|Any CPU
		{DB007E7B-10F7-4856-B335-440F3EFFC8DA}.Debug|Any CPU.Build.0 = Debug|Any CPU
		{DB007E7B-10F7-4856-B335-440F3EFFC8DA}.Release|Any CPU.ActiveCfg = Release|Any CPU
		{DB007E7B-10F7-4856-B335-440F3EFFC8DA}.Release|Any CPU.Build.0 = Release|Any CPU
	EndGlobalSection
	GlobalSection(SolutionProperties) = preSolution
		HideSolutionNode = FALSE
	EndGlobalSection
EndGlobal
